
Microsoft Visual Studio Solution File, Format Version 12.00
# Visual Studio Version 16
VisualStudioVersion = 25.0.1706.12
MinimumVisualStudioVersion = 10.0.40219.1
Project("{FAE04EC0-301F-11D3-BF4B-00C04F79EFBC}") = "Comex_Modelos", "Comex_Modelos.csproj", "{6E9CF87E-6C05-4EC5-8A4C-6794C2C351DA}"
EndProject
Global
	GlobalSection(SolutionConfigurationPlatforms) = preSolution
		Debug|Any CPU = Debug|Any CPU
		Release|Any CPU = Release|Any CPU
	EndGlobalSection
	GlobalSection(ProjectConfigurationPlatforms) = postSolution
		{6E9CF87E-6C05-4EC5-8A4C-6794C2C351DA}.Debug|Any CPU.ActiveCfg = Debug|Any CPU
		{6E9CF87E-6C05-4EC5-8A4C-6794C2C351DA}.Debug|Any CPU.Build.0 = Debug|Any CPU
		{6E9CF87E-6C05-4EC5-8A4C-6794C2C351DA}.Release|Any CPU.ActiveCfg = Release|Any CPU
		{6E9CF87E-6C05-4EC5-8A4C-6794C2C351DA}.Release|Any CPU.Build.0 = Release|Any CPU
	EndGlobalSection
	GlobalSection(SolutionProperties) = preSolution
		HideSolutionNode = FALSE
	EndGlobalSection
	GlobalSection(ExtensibilityGlobals) = postSolution
		SolutionGuid = {B6F8F17D-24F3-4D0F-ABE7-B033E33DCF5F}
	EndGlobalSection
EndGlobal
